
Microsoft Visual Studio Solution File, Format Version 12.00
# Visual Studio Version 16
VisualStudioVersion = 16.0.30907.101
MinimumVisualStudioVersion = 10.0.40219.1
Project("{9A19103F-16F7-4668-BE54-9A1E7A4F7556}") = "ProyectoHoroscopo", "ProyectoHoroscopo\ProyectoHoroscopo.csproj", "{49543603-EB40-4119-9A10-0207BE611337}"
EndProject
Project("{FAE04EC0-301F-11D3-BF4B-00C04F79EFBC}") = "TestHoroscopo", "TestHoroscopo\TestHoroscopo.csproj", "{FB78E44E-34CC-445D-A7D5-ED7CE8226488}"
EndProject
Global
	GlobalSection(SolutionConfigurationPlatforms) = preSolution
		Debug|Any CPU = Debug|Any CPU
		Release|Any CPU = Release|Any CPU
	EndGlobalSection
	GlobalSection(ProjectConfigurationPlatforms) = postSolution
		{49543603-EB40-4119-9A10-0207BE611337}.Debug|Any CPU.ActiveCfg = Debug|Any CPU
		{49543603-EB40-4119-9A10-0207BE611337}.Debug|Any CPU.Build.0 = Debug|Any CPU
		{49543603-EB40-4119-9A10-0207BE611337}.Release|Any CPU.ActiveCfg = Release|Any CPU
		{49543603-EB40-4119-9A10-0207BE611337}.Release|Any CPU.Build.0 = Release|Any CPU
		{FB78E44E-34CC-445D-A7D5-ED7CE8226488}.Debug|Any CPU.ActiveCfg = Debug|Any CPU
		{FB78E44E-34CC-445D-A7D5-ED7CE8226488}.Debug|Any CPU.Build.0 = Debug|Any CPU
		{FB78E44E-34CC-445D-A7D5-ED7CE8226488}.Release|Any CPU.ActiveCfg = Release|Any CPU
		{FB78E44E-34CC-445D-A7D5-ED7CE8226488}.Release|Any CPU.Build.0 = Release|Any CPU
	EndGlobalSection
	GlobalSection(SolutionProperties) = preSolution
		HideSolutionNode = FALSE
	EndGlobalSection
	GlobalSection(ExtensibilityGlobals) = postSolution
		SolutionGuid = {6845FC12-BBCA-44EA-B02C-386E5FE2BF36}
	EndGlobalSection
EndGlobal
